
Microsoft Visual Studio Solution File, Format Version 12.00
# Visual Studio 15
VisualStudioVersion = 15.0.28307.168
MinimumVisualStudioVersion = 10.0.40219.1
Project("{FAE04EC0-301F-11D3-BF4B-00C04F79EFBC}") = "StopWatchTutorial", "StopWatchTutorial.csproj", "{8DCA5209-93A2-4D2B-A317-EE4908286776}"
EndProject
Project("{FAE04EC0-301F-11D3-BF4B-00C04F79EFBC}") = "StopWatchTests", "..\StopWatchTests\StopWatchTests.csproj", "{959CC530-A878-4A1C-BB03-5B313C1D1AC8}"
EndProject
Global
	GlobalSection(SolutionConfigurationPlatforms) = preSolution
		Debug|Any CPU = Debug|Any CPU
		Release|Any CPU = Release|Any CPU
	EndGlobalSection
	GlobalSection(ProjectConfigurationPlatforms) = postSolution
		{8DCA5209-93A2-4D2B-A317-EE4908286776}.Debug|Any CPU.ActiveCfg = Debug|Any CPU
		{8DCA5209-93A2-4D2B-A317-EE4908286776}.Debug|Any CPU.Build.0 = Debug|Any CPU
		{8DCA5209-93A2-4D2B-A317-EE4908286776}.Release|Any CPU.ActiveCfg = Release|Any CPU
		{8DCA5209-93A2-4D2B-A317-EE4908286776}.Release|Any CPU.Build.0 = Release|Any CPU
		{959CC530-A878-4A1C-BB03-5B313C1D1AC8}.Debug|Any CPU.ActiveCfg = Debug|Any CPU
		{959CC530-A878-4A1C-BB03-5B313C1D1AC8}.Debug|Any CPU.Build.0 = Debug|Any CPU
		{959CC530-A878-4A1C-BB03-5B313C1D1AC8}.Release|Any CPU.ActiveCfg = Release|Any CPU
		{959CC530-A878-4A1C-BB03-5B313C1D1AC8}.Release|Any CPU.Build.0 = Release|Any CPU
	EndGlobalSection
	GlobalSection(SolutionProperties) = preSolution
		HideSolutionNode = FALSE
	EndGlobalSection
	GlobalSection(ExtensibilityGlobals) = postSolution
		SolutionGuid = {ADF3754A-0423-4AD2-AEBF-EB7BA9BCC2CA}
	EndGlobalSection
EndGlobal
